
Microsoft Visual Studio Solution File, Format Version 12.00
# Visual Studio Version 16
VisualStudioVersion = 16.0.29230.47
MinimumVisualStudioVersion = 10.0.40219.1
Project("{FAE04EC0-301F-11D3-BF4B-00C04F79EFBC}") = "inheritance", "inheritance\inheritance.csproj", "{79962A37-8E32-48FB-B65C-0B234628168E}"
EndProject
Global
	GlobalSection(SolutionConfigurationPlatforms) = preSolution
		Debug|Any CPU = Debug|Any CPU
		Release|Any CPU = Release|Any CPU
	EndGlobalSection
	GlobalSection(ProjectConfigurationPlatforms) = postSolution
		{79962A37-8E32-48FB-B65C-0B234628168E}.Debug|Any CPU.ActiveCfg = Debug|Any CPU
		{79962A37-8E32-48FB-B65C-0B234628168E}.Debug|Any CPU.Build.0 = Debug|Any CPU
		{79962A37-8E32-48FB-B65C-0B234628168E}.Release|Any CPU.ActiveCfg = Release|Any CPU
		{79962A37-8E32-48FB-B65C-0B234628168E}.Release|Any CPU.Build.0 = Release|Any CPU
	EndGlobalSection
	GlobalSection(SolutionProperties) = preSolution
		HideSolutionNode = FALSE
	EndGlobalSection
	GlobalSection(ExtensibilityGlobals) = postSolution
		SolutionGuid = {39228974-FA79-41B6-B757-679CE0FFA3D6}
	EndGlobalSection
EndGlobal
